
Microsoft Visual Studio Solution File, Format Version 12.00
# Visual Studio 15
VisualStudioVersion = 15.0.28307.271
MinimumVisualStudioVersion = 10.0.40219.1
Project("{FAE04EC0-301F-11D3-BF4B-00C04F79EFBC}") = "TodoApi", "TodoApi\TodoApi.csproj", "{68D803F4-932A-421C-8C9C-D2ED7DFDB205}"
EndProject
Global
	GlobalSection(SolutionConfigurationPlatforms) = preSolution
		Debug|Any CPU = Debug|Any CPU
		Release|Any CPU = Release|Any CPU
	EndGlobalSection
	GlobalSection(ProjectConfigurationPlatforms) = postSolution
		{68D803F4-932A-421C-8C9C-D2ED7DFDB205}.Debug|Any CPU.ActiveCfg = Debug|Any CPU
		{68D803F4-932A-421C-8C9C-D2ED7DFDB205}.Debug|Any CPU.Build.0 = Debug|Any CPU
		{68D803F4-932A-421C-8C9C-D2ED7DFDB205}.Release|Any CPU.ActiveCfg = Release|Any CPU
		{68D803F4-932A-421C-8C9C-D2ED7DFDB205}.Release|Any CPU.Build.0 = Release|Any CPU
	EndGlobalSection
	GlobalSection(SolutionProperties) = preSolution
		HideSolutionNode = FALSE
	EndGlobalSection
	GlobalSection(ExtensibilityGlobals) = postSolution
		SolutionGuid = {35A4DF7E-5A6E-4661-B156-6EA0B9F55A41}
	EndGlobalSection
EndGlobal
